// !$*UTF8*$!
{
	archiveVersion = 1;
	classes = {
	};
	objectVersion = 55;
	objects = {

/* Begin PBXBuildFile section */
		720EB55B27E88D92004D1C78 /* AppDelegate.swift in Sources */ = {isa = PBXBuildFile; fileRef = 720EB55A27E88D92004D1C78 /* AppDelegate.swift */; };
		720EB55D27E88D92004D1C78 /* SceneDelegate.swift in Sources */ = {isa = PBXBuildFile; fileRef = 720EB55C27E88D92004D1C78 /* SceneDelegate.swift */; };
		720EB55F27E88D92004D1C78 /* ViewController.swift in Sources */ = {isa = PBXBuildFile; fileRef = 720EB55E27E88D92004D1C78 /* ViewController.swift */; };
		720EB56227E88D92004D1C78 /* Main.storyboard in Resources */ = {isa = PBXBuildFile; fileRef = 720EB56027E88D92004D1C78 /* Main.storyboard */; };
		720EB56427E88D92004D1C78 /* Assets.xcassets in Resources */ = {isa = PBXBuildFile; fileRef = 720EB56327E88D92004D1C78 /* Assets.xcassets */; };
		720EB56727E88D92004D1C78 /* LaunchScreen.storyboard in Resources */ = {isa = PBXBuildFile; fileRef = 720EB56527E88D92004D1C78 /* LaunchScreen.storyboard */; };
		720EB57227E88D92004D1C78 /* QuizAppTests.swift in Sources */ = {isa = PBXBuildFile; fileRef = 720EB57127E88D92004D1C78 /* QuizAppTests.swift */; };
		720EB57C27E88D92004D1C78 /* QuizAppUITests.swift in Sources */ = {isa = PBXBuildFile; fileRef = 720EB57B27E88D92004D1C78 /* QuizAppUITests.swift */; };
		720EB57E27E88D92004D1C78 /* QuizAppUITestsLaunchTests.swift in Sources */ = {isa = PBXBuildFile; fileRef = 720EB57D27E88D92004D1C78 /* QuizAppUITestsLaunchTests.swift */; };
		720EB58B27E89796004D1C78 /* QuizQuestion.swift in Sources */ = {isa = PBXBuildFile; fileRef = 720EB58A27E89796004D1C78 /* QuizQuestion.swift */; };
		720EB59127E8AA25004D1C78 /* localQuizData.json in Resources */ = {isa = PBXBuildFile; fileRef = 720EB59027E8AA25004D1C78 /* localQuizData.json */; };
/* End PBXBuildFile section */

/* Begin PBXContainerItemProxy section */
		720EB56E27E88D92004D1C78 /* PBXContainerItemProxy */ = {
			isa = PBXContainerItemProxy;
			containerPortal = 720EB54F27E88D92004D1C78 /* Project object */;
			proxyType = 1;
			remoteGlobalIDString = 720EB55627E88D92004D1C78;
			remoteInfo = QuizApp;
		};
		720EB57827E88D92004D1C78 /* PBXContainerItemProxy */ = {
			isa = PBXContainerItemProxy;
			containerPortal = 720EB54F27E88D92004D1C78 /* Project object */;
			proxyType = 1;
			remoteGlobalIDString = 720EB55627E88D92004D1C78;
			remoteInfo = QuizApp;
		};
/* End PBXContainerItemProxy section */

/* Begin PBXFileReference section */
		720EB55727E88D92004D1C78 /* QuizApp.app */ = {isa = PBXFileReference; explicitFileType = wrapper.application; includeInIndex = 0; path = QuizApp.app; sourceTree = BUILT_PRODUCTS_DIR; };
		720EB55A27E88D92004D1C78 /* AppDelegate.swift */ = {isa = PBXFileReference; lastKnownFileType = sourcecode.swift; path = AppDelegate.swift; sourceTree = "<group>"; };
		720EB55C27E88D92004D1C78 /* SceneDelegate.swift */ = {isa = PBXFileReference; lastKnownFileType = sourcecode.swift; path = SceneDelegate.swift; sourceTree = "<group>"; };
		720EB55E27E88D92004D1C78 /* ViewController.swift */ = {isa = PBXFileReference; lastKnownFileType = sourcecode.swift; path = ViewController.swift; sourceTree = "<group>"; };
		720EB56127E88D92004D1C78 /* Base */ = {isa = PBXFileReference; lastKnownFileType = file.storyboard; name = Base; path = Base.lproj/Main.storyboard; sourceTree = "<group>"; };
		720EB56327E88D92004D1C78 /* Assets.xcassets */ = {isa = PBXFileReference; lastKnownFileType = folder.assetcatalog; path = Assets.xcassets; sourceTree = "<group>"; };
		720EB56627E88D92004D1C78 /* Base */ = {isa = PBXFileReference; lastKnownFileType = file.storyboard; name = Base; path = Base.lproj/LaunchScreen.storyboard; sourceTree = "<group>"; };
		720EB56827E88D92004D1C78 /* Info.plist */ = {isa = PBXFileReference; lastKnownFileType = text.plist.xml; path = Info.plist; sourceTree = "<group>"; };
		720EB56D27E88D92004D1C78 /* QuizAppTests.xctest */ = {isa = PBXFileReference; explicitFileType = wrapper.cfbundle; includeInIndex = 0; path = QuizAppTests.xctest; sourceTree = BUILT_PRODUCTS_DIR; };
		720EB57127E88D92004D1C78 /* QuizAppTests.swift */ = {isa = PBXFileReference; lastKnownFileType = sourcecode.swift; path = QuizAppTests.swift; sourceTree = "<group>"; };
		720EB57727E88D92004D1C78 /* QuizAppUITests.xctest */ = {isa = PBXFileReference; explicitFileType = wrapper.cfbundle; includeInIndex = 0; path = QuizAppUITests.xctest; sourceTree = BUILT_PRODUCTS_DIR; };
		720EB57B27E88D92004D1C78 /* QuizAppUITests.swift */ = {isa = PBXFileReference; lastKnownFileType = sourcecode.swift; path = QuizAppUITests.swift; sourceTree = "<group>"; };
		720EB57D27E88D92004D1C78 /* QuizAppUITestsLaunchTests.swift */ = {isa = PBXFileReference; lastKnownFileType = sourcecode.swift; path = QuizAppUITestsLaunchTests.swift; sourceTree = "<group>"; };
		720EB58A27E89796004D1C78 /* QuizQuestion.swift */ = {isa = PBXFileReference; lastKnownFileType = sourcecode.swift; path = QuizQuestion.swift; sourceTree = "<group>"; };
		720EB59027E8AA25004D1C78 /* localQuizData.json */ = {isa = PBXFileReference; lastKnownFileType = text.json; path = localQuizData.json; sourceTree = "<group>"; };
/* End PBXFileReference section */

/* Begin PBXFrameworksBuildPhase section */
		720EB55427E88D92004D1C78 /* Frameworks */ = {
			isa = PBXFrameworksBuildPhase;
			buildActionMask = 2147483647;
			files = (
			);
			runOnlyForDeploymentPostprocessing = 0;
		};
		720EB56A27E88D92004D1C78 /* Frameworks */ = {
			isa = PBXFrameworksBuildPhase;
			buildActionMask = 2147483647;
			files = (
			);
			runOnlyForDeploymentPostprocessing = 0;
		};
		720EB57427E88D92004D1C78 /* Frameworks */ = {
			isa = PBXFrameworksBuildPhase;
			buildActionMask = 2147483647;
			files = (
			);
			runOnlyForDeploymentPostprocessing = 0;
		};
/* End PBXFrameworksBuildPhase section */

/* Begin PBXGroup section */
		720EB54E27E88D92004D1C78 = {
			isa = PBXGroup;
			children = (
				720EB55927E88D92004D1C78 /* QuizApp */,
				720EB57027E88D92004D1C78 /* QuizAppTests */,
				720EB57A27E88D92004D1C78 /* QuizAppUITests */,
				720EB55827E88D92004D1C78 /* Products */,
			);
			sourceTree = "<group>";
		};
		720EB55827E88D92004D1C78 /* Products */ = {
			isa = PBXGroup;
			children = (
				720EB55727E88D92004D1C78 /* QuizApp.app */,
				720EB56D27E88D92004D1C78 /* QuizAppTests.xctest */,
				720EB57727E88D92004D1C78 /* QuizAppUITests.xctest */,
			);
			name = Products;
			sourceTree = "<group>";
		};
		720EB55927E88D92004D1C78 /* QuizApp */ = {
			isa = PBXGroup;
			children = (
				720EB58D27E897BD004D1C78 /* Data */,
				720EB58C27E897A5004D1C78 /* Model */,
				720EB55A27E88D92004D1C78 /* AppDelegate.swift */,
				720EB55C27E88D92004D1C78 /* SceneDelegate.swift */,
				720EB55E27E88D92004D1C78 /* ViewController.swift */,
				720EB56027E88D92004D1C78 /* Main.storyboard */,
				720EB56327E88D92004D1C78 /* Assets.xcassets */,
				720EB56527E88D92004D1C78 /* LaunchScreen.storyboard */,
				720EB56827E88D92004D1C78 /* Info.plist */,
			);
			path = QuizApp;
			sourceTree = "<group>";
		};
		720EB57027E88D92004D1C78 /* QuizAppTests */ = {
			isa = PBXGroup;
			children = (
				720EB57127E88D92004D1C78 /* QuizAppTests.swift */,
			);
			path = QuizAppTests;
			sourceTree = "<group>";
		};
		720EB57A27E88D92004D1C78 /* QuizAppUITests */ = {
			isa = PBXGroup;
			children = (
				720EB57B27E88D92004D1C78 /* QuizAppUITests.swift */,
				720EB57D27E88D92004D1C78 /* QuizAppUITestsLaunchTests.swift */,
			);
			path = QuizAppUITests;
			sourceTree = "<group>";
		};
		720EB58C27E897A5004D1C78 /* Model */ = {
			isa = PBXGroup;
			children = (
				720EB58A27E89796004D1C78 /* QuizQuestion.swift */,
			);
			path = Model;
			sourceTree = "<group>";
		};
		720EB58D27E897BD004D1C78 /* Data */ = {
			isa = PBXGroup;
			children = (
				720EB59027E8AA25004D1C78 /* localQuizData.json */,
			);
			path = Data;
			sourceTree = "<group>";
		};
/* End PBXGroup section */

/* Begin PBXNativeTarget section */
		720EB55627E88D92004D1C78 /* QuizApp */ = {
			isa = PBXNativeTarget;
			buildConfigurationList = 720EB58127E88D92004D1C78 /* Build configuration list for PBXNativeTarget "QuizApp" */;
			buildPhases = (
				720EB55327E88D92004D1C78 /* Sources */,
				720EB55427E88D92004D1C78 /* Frameworks */,
				720EB55527E88D92004D1C78 /* Resources */,
			);
			buildRules = (
			);
			dependencies = (
			);
			name = QuizApp;
			productName = QuizApp;
			productReference = 720EB55727E88D92004D1C78 /* QuizApp.app */;
			productType = "com.apple.product-type.application";
		};
		720EB56C27E88D92004D1C78 /* QuizAppTests */ = {
			isa = PBXNativeTarget;
			buildConfigurationList = 720EB58427E88D92004D1C78 /* Build configuration list for PBXNativeTarget "QuizAppTests" */;
			buildPhases = (
				720EB56927E88D92004D1C78 /* Sources */,
				720EB56A27E88D92004D1C78 /* Frameworks */,
				720EB56B27E88D92004D1C78 /* Resources */,
			);
			buildRules = (
			);
			dependencies = (
				720EB56F27E88D92004D1C78 /* PBXTargetDependency */,
			);
			name = QuizAppTests;
			productName = QuizAppTests;
			productReference = 720EB56D27E88D92004D1C78 /* QuizAppTests.xctest */;
			productType = "com.apple.product-type.bundle.unit-test";
		};
		720EB57627E88D92004D1C78 /* QuizAppUITests */ = {
			isa = PBXNativeTarget;
			buildConfigurationList = 720EB58727E88D92004D1C78 /* Build configuration list for PBXNativeTarget "QuizAppUITests" */;
			buildPhases = (
				720EB57327E88D92004D1C78 /* Sources */,
				720EB57427E88D92004D1C78 /* Frameworks */,
				720EB57527E88D92004D1C78 /* Resources */,
			);
			buildRules = (
			);
			dependencies = (
				720EB57927E88D92004D1C78 /* PBXTargetDependency */,
			);
			name = QuizAppUITests;
			productName = QuizAppUITests;
			productReference = 720EB57727E88D92004D1C78 /* QuizAppUITests.xctest */;
			productType = "com.apple.product-type.bundle.ui-testing";
		};
/* End PBXNativeTarget section */

/* Begin PBXProject section */
		720EB54F27E88D92004D1C78 /* Project object */ = {
			isa = PBXProject;
			attributes = {
				BuildIndependentTargetsInParallel = 1;
				LastSwiftUpdateCheck = 1330;
				LastUpgradeCheck = 1330;
				TargetAttributes = {
					720EB55627E88D92004D1C78 = {
						CreatedOnToolsVersion = 13.3;
					};
					720EB56C27E88D92004D1C78 = {
						CreatedOnToolsVersion = 13.3;
						TestTargetID = 720EB55627E88D92004D1C78;
					};
					720EB57627E88D92004D1C78 = {
						CreatedOnToolsVersion = 13.3;
						TestTargetID = 720EB55627E88D92004D1C78;
					};
				};
			};
			buildConfigurationList = 720EB55227E88D92004D1C78 /* Build configuration list for PBXProject "QuizApp" */;
			compatibilityVersion = "Xcode 13.0";
			developmentRegion = en;
			hasScannedForEncodings = 0;
			knownRegions = (
				en,
				Base,
			);
			mainGroup = 720EB54E27E88D92004D1C78;
			productRefGroup = 720EB55827E88D92004D1C78 /* Products */;
			projectDirPath = "";
			projectRoot = "";
			targets = (
				720EB55627E88D92004D1C78 /* QuizApp */,
				720EB56C27E88D92004D1C78 /* QuizAppTests */,
				720EB57627E88D92004D1C78 /* QuizAppUITests */,
			);
		};
/* End PBXProject section */

/* Begin PBXResourcesBuildPhase section */
		720EB55527E88D92004D1C78 /* Resources */ = {
			isa = PBXResourcesBuildPhase;
			buildActionMask = 2147483647;
			files = (
				720EB56727E88D92004D1C78 /* LaunchScreen.storyboard in Resources */,
				720EB56427E88D92004D1C78 /* Assets.xcassets in Resources */,
				720EB56227E88D92004D1C78 /* Main.storyboard in Resources */,
				720EB59127E8AA25004D1C78 /* localQuizData.json in Resources */,
			);
			runOnlyForDeploymentPostprocessing = 0;
		};
		720EB56B27E88D92004D1C78 /* Resources */ = {
			isa = PBXResourcesBuildPhase;
			buildActionMask = 2147483647;
			files = (
			);
			runOnlyForDeploymentPostprocessing = 0;
		};
		720EB57527E88D92004D1C78 /* Resources */ = {
			isa = PBXResourcesBuildPhase;
			buildActionMask = 2147483647;
			files = (
			);
			runOnlyForDeploymentPostprocessing = 0;
		};
/* End PBXResourcesBuildPhase section */

/* Begin PBXSourcesBuildPhase section */
		720EB55327E88D92004D1C78 /* Sources */ = {
			isa = PBXSourcesBuildPhase;
			buildActionMask = 2147483647;
			files = (
				720EB55F27E88D92004D1C78 /* ViewController.swift in Sources */,
				720EB55B27E88D92004D1C78 /* AppDelegate.swift in Sources */,
				720EB58B27E89796004D1C78 /* QuizQuestion.swift in Sources */,
				720EB55D27E88D92004D1C78 /* SceneDelegate.swift in Sources */,
			);
			runOnlyForDeploymentPostprocessing = 0;
		};
		720EB56927E88D92004D1C78 /* Sources */ = {
			isa = PBXSourcesBuildPhase;
			buildActionMask = 2147483647;
			files = (
				720EB57227E88D92004D1C78 /* QuizAppTests.swift in Sources */,
			);
			runOnlyForDeploymentPostprocessing = 0;
		};
		720EB57327E88D92004D1C78 /* Sources */ = {
			isa = PBXSourcesBuildPhase;
			buildActionMask = 2147483647;
			files = (
				720EB57C27E88D92004D1C78 /* QuizAppUITests.swift in Sources */,
				720EB57E27E88D92004D1C78 /* QuizAppUITestsLaunchTests.swift in Sources */,
			);
			runOnlyForDeploymentPostprocessing = 0;
		};
/* End PBXSourcesBuildPhase section */

/* Begin PBXTargetDependency section */
		720EB56F27E88D92004D1C78 /* PBXTargetDependency */ = {
			isa = PBXTargetDependency;
			target = 720EB55627E88D92004D1C78 /* QuizApp */;
			targetProxy = 720EB56E27E88D92004D1C78 /* PBXContainerItemProxy */;
		};
		720EB57927E88D92004D1C78 /* PBXTargetDependency */ = {
			isa = PBXTargetDependency;
			target = 720EB55627E88D92004D1C78 /* QuizApp */;
			targetProxy = 720EB57827E88D92004D1C78 /* PBXContainerItemProxy */;
		};
/* End PBXTargetDependency section */

/* Begin PBXVariantGroup section */
		720EB56027E88D92004D1C78 /* Main.storyboard */ = {
			isa = PBXVariantGroup;
			children = (
				720EB56127E88D92004D1C78 /* Base */,
			);
			name = Main.storyboard;
			sourceTree = "<group>";
		};
		720EB56527E88D92004D1C78 /* LaunchScreen.storyboard */ = {
			isa = PBXVariantGroup;
			children = (
				720EB56627E88D92004D1C78 /* Base */,
			);
			name = LaunchScreen.storyboard;
			sourceTree = "<group>";
		};
/* End PBXVariantGroup section */

/* Begin XCBuildConfiguration section */
		720EB57F27E88D92004D1C78 /* Debug */ = {
			isa = XCBuildConfiguration;
			buildSettings = {
				ALWAYS_SEARCH_USER_PATHS = NO;
				CLANG_ANALYZER_NONNULL = YES;
				CLANG_ANALYZER_NUMBER_OBJECT_CONVERSION = YES_AGGRESSIVE;
				CLANG_CXX_LANGUAGE_STANDARD = "gnu++17";
				CLANG_ENABLE_MODULES = YES;
				CLANG_ENABLE_OBJC_ARC = YES;
				CLANG_ENABLE_OBJC_WEAK = YES;
				CLANG_WARN_BLOCK_CAPTURE_AUTORELEASING = YES;
				CLANG_WARN_BOOL_CONVERSION = YES;
				CLANG_WARN_COMMA = YES;
				CLANG_WARN_CONSTANT_CONVERSION = YES;
				CLANG_WARN_DEPRECATED_OBJC_IMPLEMENTATIONS = YES;
				CLANG_WARN_DIRECT_OBJC_ISA_USAGE = YES_ERROR;
				CLANG_WARN_DOCUMENTATION_COMMENTS = YES;
				CLANG_WARN_EMPTY_BODY = YES;
				CLANG_WARN_ENUM_CONVERSION = YES;
				CLANG_WARN_INFINITE_RECURSION = YES;
				CLANG_WARN_INT_CONVERSION = YES;
				CLANG_WARN_NON_LITERAL_NULL_CONVERSION = YES;
				CLANG_WARN_OBJC_IMPLICIT_RETAIN_SELF = YES;
				CLANG_WARN_OBJC_LITERAL_CONVERSION = YES;
				CLANG_WARN_OBJC_ROOT_CLASS = YES_ERROR;
				CLANG_WARN_QUOTED_INCLUDE_IN_FRAMEWORK_HEADER = YES;
				CLANG_WARN_RANGE_LOOP_ANALYSIS = YES;
				CLANG_WARN_STRICT_PROTOTYPES = YES;
				CLANG_WARN_SUSPICIOUS_MOVE = YES;
				CLANG_WARN_UNGUARDED_AVAILABILITY = YES_AGGRESSIVE;
				CLANG_WARN_UNREACHABLE_CODE = YES;
				CLANG_WARN__DUPLICATE_METHOD_MATCH = YES;
				COPY_PHASE_STRIP = NO;
				DEBUG_INFORMATION_FORMAT = dwarf;
				ENABLE_STRICT_OBJC_MSGSEND = YES;
				ENABLE_TESTABILITY = YES;
				GCC_C_LANGUAGE_STANDARD = gnu11;
				GCC_DYNAMIC_NO_PIC = NO;
				GCC_NO_COMMON_BLOCKS = YES;
				GCC_OPTIMIZATION_LEVEL = 0;
				GCC_PREPROCESSOR_DEFINITIONS = (
					"DEBUG=1",
					"$(inherited)",
				);
				GCC_WARN_64_TO_32_BIT_CONVERSION = YES;
				GCC_WARN_ABOUT_RETURN_TYPE = YES_ERROR;
				GCC_WARN_UNDECLARED_SELECTOR = YES;
				GCC_WARN_UNINITIALIZED_AUTOS = YES_AGGRESSIVE;
				GCC_WARN_UNUSED_FUNCTION = YES;
				GCC_WARN_UNUSED_VARIABLE = YES;
				IPHONEOS_DEPLOYMENT_TARGET = 15.4;
				MTL_ENABLE_DEBUG_INFO = INCLUDE_SOURCE;
				MTL_FAST_MATH = YES;
				ONLY_ACTIVE_ARCH = YES;
				SDKROOT = iphoneos;
				SWIFT_ACTIVE_COMPILATION_CONDITIONS = DEBUG;
				SWIFT_OPTIMIZATION_LEVEL = "-Onone";
			};
			name = Debug;
		};
		720EB58027E88D92004D1C78 /* Release */ = {
			isa = XCBuildConfiguration;
			buildSettings = {
				ALWAYS_SEARCH_USER_PATHS = NO;
				CLANG_ANALYZER_NONNULL = YES;
				CLANG_ANALYZER_NUMBER_OBJECT_CONVERSION = YES_AGGRESSIVE;
				CLANG_CXX_LANGUAGE_STANDARD = "gnu++17";
				CLANG_ENABLE_MODULES = YES;
				CLANG_ENABLE_OBJC_ARC = YES;
				CLANG_ENABLE_OBJC_WEAK = YES;
				CLANG_WARN_BLOCK_CAPTURE_AUTORELEASING = YES;
				CLANG_WARN_BOOL_CONVERSION = YES;
				CLANG_WARN_COMMA = YES;
				CLANG_WARN_CONSTANT_CONVERSION = YES;
				CLANG_WARN_DEPRECATED_OBJC_IMPLEMENTATIONS = YES;
				CLANG_WARN_DIRECT_OBJC_ISA_USAGE = YES_ERROR;
				CLANG_WARN_DOCUMENTATION_COMMENTS = YES;
				CLANG_WARN_EMPTY_BODY = YES;
				CLANG_WARN_ENUM_CONVERSION = YES;
				CLANG_WARN_INFINITE_RECURSION = YES;
				CLANG_WARN_INT_CONVERSION = YES;
				CLANG_WARN_NON_LITERAL_NULL_CONVERSION = YES;
				CLANG_WARN_OBJC_IMPLICIT_RETAIN_SELF = YES;
				CLANG_WARN_OBJC_LITERAL_CONVERSION = YES;
				CLANG_WARN_OBJC_ROOT_CLASS = YES_ERROR;
				CLANG_WARN_QUOTED_INCLUDE_IN_FRAMEWORK_HEADER = YES;
				CLANG_WARN_RANGE_LOOP_ANALYSIS = YES;
				CLANG_WARN_STRICT_PROTOTYPES = YES;
				CLANG_WARN_SUSPICIOUS_MOVE = YES;
				CLANG_WARN_UNGUARDED_AVAILABILITY = YES_AGGRESSIVE;
				CLANG_WARN_UNREACHABLE_CODE = YES;
				CLANG_WARN__DUPLICATE_METHOD_MATCH = YES;
				COPY_PHASE_STRIP = NO;
				DEBUG_INFORMATION_FORMAT = "dwarf-with-dsym";
				ENABLE_NS_ASSERTIONS = NO;
				ENABLE_STRICT_OBJC_MSGSEND = YES;
				GCC_C_LANGUAGE_STANDARD = gnu11;
				GCC_NO_COMMON_BLOCKS = YES;
				GCC_WARN_64_TO_32_BIT_CONVERSION = YES;
				GCC_WARN_ABOUT_RETURN_TYPE = YES_ERROR;
				GCC_WARN_UNDECLARED_SELECTOR = YES;
				GCC_WARN_UNINITIALIZED_AUTOS = YES_AGGRESSIVE;
				GCC_WARN_UNUSED_FUNCTION = YES;
				GCC_WARN_UNUSED_VARIABLE = YES;
				IPHONEOS_DEPLOYMENT_TARGET = 15.4;
				MTL_ENABLE_DEBUG_INFO = NO;
				MTL_FAST_MATH = YES;
				SDKROOT = iphoneos;
				SWIFT_COMPILATION_MODE = wholemodule;
				SWIFT_OPTIMIZATION_LEVEL = "-O";
				VALIDATE_PRODUCT = YES;
			};
			name = Release;
		};
		720EB58227E88D92004D1C78 /* Debug */ = {
			isa = XCBuildConfiguration;
			buildSettings = {
				ASSETCATALOG_COMPILER_APPICON_NAME = AppIcon;
				ASSETCATALOG_COMPILER_GLOBAL_ACCENT_COLOR_NAME = AccentColor;
				CODE_SIGN_STYLE = Automatic;
				CURRENT_PROJECT_VERSION = 1;
				GENERATE_INFOPLIST_FILE = YES;
				INFOPLIST_FILE = QuizApp/Info.plist;
				INFOPLIST_KEY_UIApplicationSupportsIndirectInputEvents = YES;
				INFOPLIST_KEY_UILaunchStoryboardName = LaunchScreen;
				INFOPLIST_KEY_UIMainStoryboardFile = Main;
				INFOPLIST_KEY_UISupportedInterfaceOrientations_iPad = "UIInterfaceOrientationPortrait UIInterfaceOrientationPortraitUpsideDown UIInterfaceOrientationLandscapeLeft UIInterfaceOrientationLandscapeRight";
				INFOPLIST_KEY_UISupportedInterfaceOrientations_iPhone = "UIInterfaceOrientationPortrait UIInterfaceOrientationLandscapeLeft UIInterfaceOrientationLandscapeRight";
				LD_RUNPATH_SEARCH_PATHS = (
					"$(inherited)",
					"@executable_path/Frameworks",
				);
				MARKETING_VERSION = 1.0;
				PRODUCT_BUNDLE_IDENTIFIER = jamiedemooij.QuizApp;
				PRODUCT_NAME = "$(TARGET_NAME)";
				SWIFT_EMIT_LOC_STRINGS = YES;
				SWIFT_VERSION = 5.0;
				TARGETED_DEVICE_FAMILY = "1,2";
			};
			name = Debug;
		};
		720EB58327E88D92004D1C78 /* Release */ = {
			isa = XCBuildConfiguration;
			buildSettings = {
				ASSETCATALOG_COMPILER_APPICON_NAME = AppIcon;
				ASSETCATALOG_COMPILER_GLOBAL_ACCENT_COLOR_NAME = AccentColor;
				CODE_SIGN_STYLE = Automatic;
				CURRENT_PROJECT_VERSION = 1;
				GENERATE_INFOPLIST_FILE = YES;
				INFOPLIST_FILE = QuizApp/Info.plist;
				INFOPLIST_KEY_UIApplicationSupportsIndirectInputEvents = YES;
				INFOPLIST_KEY_UILaunchStoryboardName = LaunchScreen;
				INFOPLIST_KEY_UIMainStoryboardFile = Main;
				INFOPLIST_KEY_UISupportedInterfaceOrientations_iPad = "UIInterfaceOrientationPortrait UIInterfaceOrientationPortraitUpsideDown UIInterfaceOrientationLandscapeLeft UIInterfaceOrientationLandscapeRight";
				INFOPLIST_KEY_UISupportedInterfaceOrientations_iPhone = "UIInterfaceOrientationPortrait UIInterfaceOrientationLandscapeLeft UIInterfaceOrientationLandscapeRight";
				LD_RUNPATH_SEARCH_PATHS = (
					"$(inherited)",
					"@executable_path/Frameworks",
				);
				MARKETING_VERSION = 1.0;
				PRODUCT_BUNDLE_IDENTIFIER = jamiedemooij.QuizApp;
				PRODUCT_NAME = "$(TARGET_NAME)";
				SWIFT_EMIT_LOC_STRINGS = YES;
				SWIFT_VERSION = 5.0;
				TARGETED_DEVICE_FAMILY = "1,2";
			};
			name = Release;
		};
		720EB58527E88D92004D1C78 /* Debug */ = {
			isa = XCBuildConfiguration;
			buildSettings = {
				ALWAYS_EMBED_SWIFT_STANDARD_LIBRARIES = YES;
				BUNDLE_LOADER = "$(TEST_HOST)";
				CODE_SIGN_STYLE = Automatic;
				CURRENT_PROJECT_VERSION = 1;
				GENERATE_INFOPLIST_FILE = YES;
				IPHONEOS_DEPLOYMENT_TARGET = 15.4;
				MARKETING_VERSION = 1.0;
				PRODUCT_BUNDLE_IDENTIFIER = jamiedemooij.QuizAppTests;
				PRODUCT_NAME = "$(TARGET_NAME)";
				SWIFT_EMIT_LOC_STRINGS = NO;
				SWIFT_VERSION = 5.0;
				TARGETED_DEVICE_FAMILY = "1,2";
				TEST_HOST = "$(BUILT_PRODUCTS_DIR)/QuizApp.app/QuizApp";
			};
			name = Debug;
		};
		720EB58627E88D92004D1C78 /* Release */ = {
			isa = XCBuildConfiguration;
			buildSettings = {
				ALWAYS_EMBED_SWIFT_STANDARD_LIBRARIES = YES;
				BUNDLE_LOADER = "$(TEST_HOST)";
				CODE_SIGN_STYLE = Automatic;
				CURRENT_PROJECT_VERSION = 1;
				GENERATE_INFOPLIST_FILE = YES;
				IPHONEOS_DEPLOYMENT_TARGET = 15.4;
				MARKETING_VERSION = 1.0;
				PRODUCT_BUNDLE_IDENTIFIER = jamiedemooij.QuizAppTests;
				PRODUCT_NAME = "$(TARGET_NAME)";
				SWIFT_EMIT_LOC_STRINGS = NO;
				SWIFT_VERSION = 5.0;
				TARGETED_DEVICE_FAMILY = "1,2";
				TEST_HOST = "$(BUILT_PRODUCTS_DIR)/QuizApp.app/QuizApp";
			};
			name = Release;
		};
		720EB58827E88D92004D1C78 /* Debug */ = {
			isa = XCBuildConfiguration;
			buildSettings = {
				ALWAYS_EMBED_SWIFT_STANDARD_LIBRARIES = YES;
				CODE_SIGN_STYLE = Automatic;
				CURRENT_PROJECT_VERSION = 1;
				GENERATE_INFOPLIST_FILE = YES;
				MARKETING_VERSION = 1.0;
				PRODUCT_BUNDLE_IDENTIFIER = jamiedemooij.QuizAppUITests;
				PRODUCT_NAME = "$(TARGET_NAME)";
				SWIFT_EMIT_LOC_STRINGS = NO;
				SWIFT_VERSION = 5.0;
				TARGETED_DEVICE_FAMILY = "1,2";
				TEST_TARGET_NAME = QuizApp;
			};
			name = Debug;
		};
		720EB58927E88D92004D1C78 /* Release */ = {
			isa = XCBuildConfiguration;
			buildSettings = {
				ALWAYS_EMBED_SWIFT_STANDARD_LIBRARIES = YES;
				CODE_SIGN_STYLE = Automatic;
				CURRENT_PROJECT_VERSION = 1;
				GENERATE_INFOPLIST_FILE = YES;
				MARKETING_VERSION = 1.0;
				PRODUCT_BUNDLE_IDENTIFIER = jamiedemooij.QuizAppUITests;
				PRODUCT_NAME = "$(TARGET_NAME)";
				SWIFT_EMIT_LOC_STRINGS = NO;
				SWIFT_VERSION = 5.0;
				TARGETED_DEVICE_FAMILY = "1,2";
				TEST_TARGET_NAME = QuizApp;
			};
			name = Release;
		};
/* End XCBuildConfiguration section */

/* Begin XCConfigurationList section */
		720EB55227E88D92004D1C78 /* Build configuration list for PBXProject "QuizApp" */ = {
			isa = XCConfigurationList;
			buildConfigurations = (
				720EB57F27E88D92004D1C78 /* Debug */,
				720EB58027E88D92004D1C78 /* Release */,
			);
			defaultConfigurationIsVisible = 0;
			defaultConfigurationName = Release;
		};
		720EB58127E88D92004D1C78 /* Build configuration list for PBXNativeTarget "QuizApp" */ = {
			isa = XCConfigurationList;
			buildConfigurations = (
				720EB58227E88D92004D1C78 /* Debug */,
				720EB58327E88D92004D1C78 /* Release */,
			);
			defaultConfigurationIsVisible = 0;
			defaultConfigurationName = Release;
		};
		720EB58427E88D92004D1C78 /* Build configuration list for PBXNativeTarget "QuizAppTests" */ = {
			isa = XCConfigurationList;
			buildConfigurations = (
				720EB58527E88D92004D1C78 /* Debug */,
				720EB58627E88D92004D1C78 /* Release */,
			);
			defaultConfigurationIsVisible = 0;
			defaultConfigurationName = Release;
		};
		720EB58727E88D92004D1C78 /* Build configuration list for PBXNativeTarget "QuizAppUITests" */ = {
			isa = XCConfigurationList;
			buildConfigurations = (
				720EB58827E88D92004D1C78 /* Debug */,
				720EB58927E88D92004D1C78 /* Release */,
			);
			defaultConfigurationIsVisible = 0;
			defaultConfigurationName = Release;
		};
/* End XCConfigurationList section */
	};
	rootObject = 720EB54F27E88D92004D1C78 /* Project object */;
}
