// !$*UTF8*$!
{
	archiveVersion = 1;
	classes = {
	};
	objectVersion = 55;
	objects = {

/* Begin PBXBuildFile section */
		725C11BF27FADA1E009218A3 /* AppDelegate.swift in Sources */ = {isa = PBXBuildFile; fileRef = 725C11BE27FADA1E009218A3 /* AppDelegate.swift */; };
		725C11C127FADA1E009218A3 /* SceneDelegate.swift in Sources */ = {isa = PBXBuildFile; fileRef = 725C11C027FADA1E009218A3 /* SceneDelegate.swift */; };
		725C11C327FADA1E009218A3 /* ViewController.swift in Sources */ = {isa = PBXBuildFile; fileRef = 725C11C227FADA1E009218A3 /* ViewController.swift */; };
		725C11C627FADA1E009218A3 /* Main.storyboard in Resources */ = {isa = PBXBuildFile; fileRef = 725C11C427FADA1E009218A3 /* Main.storyboard */; };
		725C11C827FADA20009218A3 /* Assets.xcassets in Resources */ = {isa = PBXBuildFile; fileRef = 725C11C727FADA20009218A3 /* Assets.xcassets */; };
		725C11CB27FADA20009218A3 /* LaunchScreen.storyboard in Resources */ = {isa = PBXBuildFile; fileRef = 725C11C927FADA20009218A3 /* LaunchScreen.storyboard */; };
		725C11D627FADA20009218A3 /* WGZTests.swift in Sources */ = {isa = PBXBuildFile; fileRef = 725C11D527FADA20009218A3 /* WGZTests.swift */; };
		725C11E027FADA20009218A3 /* WGZUITests.swift in Sources */ = {isa = PBXBuildFile; fileRef = 725C11DF27FADA20009218A3 /* WGZUITests.swift */; };
		725C11E227FADA20009218A3 /* WGZUITestsLaunchTests.swift in Sources */ = {isa = PBXBuildFile; fileRef = 725C11E127FADA20009218A3 /* WGZUITestsLaunchTests.swift */; };
		7265F14527FB0FE300862D78 /* localQuizData.json in Resources */ = {isa = PBXBuildFile; fileRef = 7265F14427FB0FE300862D78 /* localQuizData.json */; };
		7265F14727FB111B00862D78 /* QuizQuestion.swift in Sources */ = {isa = PBXBuildFile; fileRef = 7265F14627FB111B00862D78 /* QuizQuestion.swift */; };
/* End PBXBuildFile section */

/* Begin PBXContainerItemProxy section */
		725C11D227FADA20009218A3 /* PBXContainerItemProxy */ = {
			isa = PBXContainerItemProxy;
			containerPortal = 725C11B327FADA1E009218A3 /* Project object */;
			proxyType = 1;
			remoteGlobalIDString = 725C11BA27FADA1E009218A3;
			remoteInfo = WGZ;
		};
		725C11DC27FADA20009218A3 /* PBXContainerItemProxy */ = {
			isa = PBXContainerItemProxy;
			containerPortal = 725C11B327FADA1E009218A3 /* Project object */;
			proxyType = 1;
			remoteGlobalIDString = 725C11BA27FADA1E009218A3;
			remoteInfo = WGZ;
		};
/* End PBXContainerItemProxy section */

/* Begin PBXFileReference section */
		725C11BB27FADA1E009218A3 /* WGZ.app */ = {isa = PBXFileReference; explicitFileType = wrapper.application; includeInIndex = 0; path = WGZ.app; sourceTree = BUILT_PRODUCTS_DIR; };
		725C11BE27FADA1E009218A3 /* AppDelegate.swift */ = {isa = PBXFileReference; lastKnownFileType = sourcecode.swift; path = AppDelegate.swift; sourceTree = "<group>"; };
		725C11C027FADA1E009218A3 /* SceneDelegate.swift */ = {isa = PBXFileReference; lastKnownFileType = sourcecode.swift; path = SceneDelegate.swift; sourceTree = "<group>"; };
		725C11C227FADA1E009218A3 /* ViewController.swift */ = {isa = PBXFileReference; lastKnownFileType = sourcecode.swift; path = ViewController.swift; sourceTree = "<group>"; };
		725C11C527FADA1E009218A3 /* Base */ = {isa = PBXFileReference; lastKnownFileType = file.storyboard; name = Base; path = Base.lproj/Main.storyboard; sourceTree = "<group>"; };
		725C11C727FADA20009218A3 /* Assets.xcassets */ = {isa = PBXFileReference; lastKnownFileType = folder.assetcatalog; path = Assets.xcassets; sourceTree = "<group>"; };
		725C11CA27FADA20009218A3 /* Base */ = {isa = PBXFileReference; lastKnownFileType = file.storyboard; name = Base; path = Base.lproj/LaunchScreen.storyboard; sourceTree = "<group>"; };
		725C11CC27FADA20009218A3 /* Info.plist */ = {isa = PBXFileReference; lastKnownFileType = text.plist.xml; path = Info.plist; sourceTree = "<group>"; };
		725C11D127FADA20009218A3 /* WGZTests.xctest */ = {isa = PBXFileReference; explicitFileType = wrapper.cfbundle; includeInIndex = 0; path = WGZTests.xctest; sourceTree = BUILT_PRODUCTS_DIR; };
		725C11D527FADA20009218A3 /* WGZTests.swift */ = {isa = PBXFileReference; lastKnownFileType = sourcecode.swift; path = WGZTests.swift; sourceTree = "<group>"; };
		725C11DB27FADA20009218A3 /* WGZUITests.xctest */ = {isa = PBXFileReference; explicitFileType = wrapper.cfbundle; includeInIndex = 0; path = WGZUITests.xctest; sourceTree = BUILT_PRODUCTS_DIR; };
		725C11DF27FADA20009218A3 /* WGZUITests.swift */ = {isa = PBXFileReference; lastKnownFileType = sourcecode.swift; path = WGZUITests.swift; sourceTree = "<group>"; };
		725C11E127FADA20009218A3 /* WGZUITestsLaunchTests.swift */ = {isa = PBXFileReference; lastKnownFileType = sourcecode.swift; path = WGZUITestsLaunchTests.swift; sourceTree = "<group>"; };
		7265F14427FB0FE300862D78 /* localQuizData.json */ = {isa = PBXFileReference; fileEncoding = 4; lastKnownFileType = text.json; path = localQuizData.json; sourceTree = "<group>"; };
		7265F14627FB111B00862D78 /* QuizQuestion.swift */ = {isa = PBXFileReference; fileEncoding = 4; lastKnownFileType = sourcecode.swift; path = QuizQuestion.swift; sourceTree = "<group>"; };
/* End PBXFileReference section */

/* Begin PBXFrameworksBuildPhase section */
		725C11B827FADA1E009218A3 /* Frameworks */ = {
			isa = PBXFrameworksBuildPhase;
			buildActionMask = 2147483647;
			files = (
			);
			runOnlyForDeploymentPostprocessing = 0;
		};
		725C11CE27FADA20009218A3 /* Frameworks */ = {
			isa = PBXFrameworksBuildPhase;
			buildActionMask = 2147483647;
			files = (
			);
			runOnlyForDeploymentPostprocessing = 0;
		};
		725C11D827FADA20009218A3 /* Frameworks */ = {
			isa = PBXFrameworksBuildPhase;
			buildActionMask = 2147483647;
			files = (
			);
			runOnlyForDeploymentPostprocessing = 0;
		};
/* End PBXFrameworksBuildPhase section */

/* Begin PBXGroup section */
		725C11B227FADA1E009218A3 = {
			isa = PBXGroup;
			children = (
				725C11BD27FADA1E009218A3 /* WGZ */,
				725C11D427FADA20009218A3 /* WGZTests */,
				725C11DE27FADA20009218A3 /* WGZUITests */,
				725C11BC27FADA1E009218A3 /* Products */,
			);
			sourceTree = "<group>";
		};
		725C11BC27FADA1E009218A3 /* Products */ = {
			isa = PBXGroup;
			children = (
				725C11BB27FADA1E009218A3 /* WGZ.app */,
				725C11D127FADA20009218A3 /* WGZTests.xctest */,
				725C11DB27FADA20009218A3 /* WGZUITests.xctest */,
			);
			name = Products;
			sourceTree = "<group>";
		};
		725C11BD27FADA1E009218A3 /* WGZ */ = {
			isa = PBXGroup;
			children = (
				725C11BE27FADA1E009218A3 /* AppDelegate.swift */,
				7265F14327FB0FC400862D78 /* Data */,
				725C11C027FADA1E009218A3 /* SceneDelegate.swift */,
				725C11C227FADA1E009218A3 /* ViewController.swift */,
				725C11C427FADA1E009218A3 /* Main.storyboard */,
				725C11C727FADA20009218A3 /* Assets.xcassets */,
				725C11C927FADA20009218A3 /* LaunchScreen.storyboard */,
				725C11F427FADAB5009218A3 /* Model */,
				725C11CC27FADA20009218A3 /* Info.plist */,
			);
			path = WGZ;
			sourceTree = "<group>";
		};
		725C11D427FADA20009218A3 /* WGZTests */ = {
			isa = PBXGroup;
			children = (
				725C11D527FADA20009218A3 /* WGZTests.swift */,
			);
			path = WGZTests;
			sourceTree = "<group>";
		};
		725C11DE27FADA20009218A3 /* WGZUITests */ = {
			isa = PBXGroup;
			children = (
				725C11DF27FADA20009218A3 /* WGZUITests.swift */,
				725C11E127FADA20009218A3 /* WGZUITestsLaunchTests.swift */,
			);
			path = WGZUITests;
			sourceTree = "<group>";
		};
		725C11F427FADAB5009218A3 /* Model */ = {
			isa = PBXGroup;
			children = (
				7265F14627FB111B00862D78 /* QuizQuestion.swift */,
			);
			path = Model;
			sourceTree = "<group>";
		};
		7265F14327FB0FC400862D78 /* Data */ = {
			isa = PBXGroup;
			children = (
				7265F14427FB0FE300862D78 /* localQuizData.json */,
			);
			path = Data;
			sourceTree = "<group>";
		};
/* End PBXGroup section */

/* Begin PBXNativeTarget section */
		725C11BA27FADA1E009218A3 /* WGZ */ = {
			isa = PBXNativeTarget;
			buildConfigurationList = 725C11E527FADA20009218A3 /* Build configuration list for PBXNativeTarget "WGZ" */;
			buildPhases = (
				725C11B727FADA1E009218A3 /* Sources */,
				725C11B827FADA1E009218A3 /* Frameworks */,
				725C11B927FADA1E009218A3 /* Resources */,
			);
			buildRules = (
			);
			dependencies = (
			);
			name = WGZ;
			productName = WGZ;
			productReference = 725C11BB27FADA1E009218A3 /* WGZ.app */;
			productType = "com.apple.product-type.application";
		};
		725C11D027FADA20009218A3 /* WGZTests */ = {
			isa = PBXNativeTarget;
			buildConfigurationList = 725C11E827FADA20009218A3 /* Build configuration list for PBXNativeTarget "WGZTests" */;
			buildPhases = (
				725C11CD27FADA20009218A3 /* Sources */,
				725C11CE27FADA20009218A3 /* Frameworks */,
				725C11CF27FADA20009218A3 /* Resources */,
			);
			buildRules = (
			);
			dependencies = (
				725C11D327FADA20009218A3 /* PBXTargetDependency */,
			);
			name = WGZTests;
			productName = WGZTests;
			productReference = 725C11D127FADA20009218A3 /* WGZTests.xctest */;
			productType = "com.apple.product-type.bundle.unit-test";
		};
		725C11DA27FADA20009218A3 /* WGZUITests */ = {
			isa = PBXNativeTarget;
			buildConfigurationList = 725C11EB27FADA20009218A3 /* Build configuration list for PBXNativeTarget "WGZUITests" */;
			buildPhases = (
				725C11D727FADA20009218A3 /* Sources */,
				725C11D827FADA20009218A3 /* Frameworks */,
				725C11D927FADA20009218A3 /* Resources */,
			);
			buildRules = (
			);
			dependencies = (
				725C11DD27FADA20009218A3 /* PBXTargetDependency */,
			);
			name = WGZUITests;
			productName = WGZUITests;
			productReference = 725C11DB27FADA20009218A3 /* WGZUITests.xctest */;
			productType = "com.apple.product-type.bundle.ui-testing";
		};
/* End PBXNativeTarget section */

/* Begin PBXProject section */
		725C11B327FADA1E009218A3 /* Project object */ = {
			isa = PBXProject;
			attributes = {
				BuildIndependentTargetsInParallel = 1;
				LastSwiftUpdateCheck = 1330;
				LastUpgradeCheck = 1330;
				TargetAttributes = {
					725C11BA27FADA1E009218A3 = {
						CreatedOnToolsVersion = 13.3;
					};
					725C11D027FADA20009218A3 = {
						CreatedOnToolsVersion = 13.3;
						TestTargetID = 725C11BA27FADA1E009218A3;
					};
					725C11DA27FADA20009218A3 = {
						CreatedOnToolsVersion = 13.3;
						TestTargetID = 725C11BA27FADA1E009218A3;
					};
				};
			};
			buildConfigurationList = 725C11B627FADA1E009218A3 /* Build configuration list for PBXProject "WGZ" */;
			compatibilityVersion = "Xcode 13.0";
			developmentRegion = en;
			hasScannedForEncodings = 0;
			knownRegions = (
				en,
				Base,
			);
			mainGroup = 725C11B227FADA1E009218A3;
			productRefGroup = 725C11BC27FADA1E009218A3 /* Products */;
			projectDirPath = "";
			projectRoot = "";
			targets = (
				725C11BA27FADA1E009218A3 /* WGZ */,
				725C11D027FADA20009218A3 /* WGZTests */,
				725C11DA27FADA20009218A3 /* WGZUITests */,
			);
		};
/* End PBXProject section */

/* Begin PBXResourcesBuildPhase section */
		725C11B927FADA1E009218A3 /* Resources */ = {
			isa = PBXResourcesBuildPhase;
			buildActionMask = 2147483647;
			files = (
				7265F14527FB0FE300862D78 /* localQuizData.json in Resources */,
				725C11CB27FADA20009218A3 /* LaunchScreen.storyboard in Resources */,
				725C11C827FADA20009218A3 /* Assets.xcassets in Resources */,
				725C11C627FADA1E009218A3 /* Main.storyboard in Resources */,
			);
			runOnlyForDeploymentPostprocessing = 0;
		};
		725C11CF27FADA20009218A3 /* Resources */ = {
			isa = PBXResourcesBuildPhase;
			buildActionMask = 2147483647;
			files = (
			);
			runOnlyForDeploymentPostprocessing = 0;
		};
		725C11D927FADA20009218A3 /* Resources */ = {
			isa = PBXResourcesBuildPhase;
			buildActionMask = 2147483647;
			files = (
			);
			runOnlyForDeploymentPostprocessing = 0;
		};
/* End PBXResourcesBuildPhase section */

/* Begin PBXSourcesBuildPhase section */
		725C11B727FADA1E009218A3 /* Sources */ = {
			isa = PBXSourcesBuildPhase;
			buildActionMask = 2147483647;
			files = (
				725C11C327FADA1E009218A3 /* ViewController.swift in Sources */,
				725C11BF27FADA1E009218A3 /* AppDelegate.swift in Sources */,
				7265F14727FB111B00862D78 /* QuizQuestion.swift in Sources */,
				725C11C127FADA1E009218A3 /* SceneDelegate.swift in Sources */,
			);
			runOnlyForDeploymentPostprocessing = 0;
		};
		725C11CD27FADA20009218A3 /* Sources */ = {
			isa = PBXSourcesBuildPhase;
			buildActionMask = 2147483647;
			files = (
				725C11D627FADA20009218A3 /* WGZTests.swift in Sources */,
			);
			runOnlyForDeploymentPostprocessing = 0;
		};
		725C11D727FADA20009218A3 /* Sources */ = {
			isa = PBXSourcesBuildPhase;
			buildActionMask = 2147483647;
			files = (
				725C11E027FADA20009218A3 /* WGZUITests.swift in Sources */,
				725C11E227FADA20009218A3 /* WGZUITestsLaunchTests.swift in Sources */,
			);
			runOnlyForDeploymentPostprocessing = 0;
		};
/* End PBXSourcesBuildPhase section */

/* Begin PBXTargetDependency section */
		725C11D327FADA20009218A3 /* PBXTargetDependency */ = {
			isa = PBXTargetDependency;
			target = 725C11BA27FADA1E009218A3 /* WGZ */;
			targetProxy = 725C11D227FADA20009218A3 /* PBXContainerItemProxy */;
		};
		725C11DD27FADA20009218A3 /* PBXTargetDependency */ = {
			isa = PBXTargetDependency;
			target = 725C11BA27FADA1E009218A3 /* WGZ */;
			targetProxy = 725C11DC27FADA20009218A3 /* PBXContainerItemProxy */;
		};
/* End PBXTargetDependency section */

/* Begin PBXVariantGroup section */
		725C11C427FADA1E009218A3 /* Main.storyboard */ = {
			isa = PBXVariantGroup;
			children = (
				725C11C527FADA1E009218A3 /* Base */,
			);
			name = Main.storyboard;
			sourceTree = "<group>";
		};
		725C11C927FADA20009218A3 /* LaunchScreen.storyboard */ = {
			isa = PBXVariantGroup;
			children = (
				725C11CA27FADA20009218A3 /* Base */,
			);
			name = LaunchScreen.storyboard;
			sourceTree = "<group>";
		};
/* End PBXVariantGroup section */

/* Begin XCBuildConfiguration section */
		725C11E327FADA20009218A3 /* Debug */ = {
			isa = XCBuildConfiguration;
			buildSettings = {
				ALWAYS_SEARCH_USER_PATHS = NO;
				CLANG_ANALYZER_NONNULL = YES;
				CLANG_ANALYZER_NUMBER_OBJECT_CONVERSION = YES_AGGRESSIVE;
				CLANG_CXX_LANGUAGE_STANDARD = "gnu++17";
				CLANG_ENABLE_MODULES = YES;
				CLANG_ENABLE_OBJC_ARC = YES;
				CLANG_ENABLE_OBJC_WEAK = YES;
				CLANG_WARN_BLOCK_CAPTURE_AUTORELEASING = YES;
				CLANG_WARN_BOOL_CONVERSION = YES;
				CLANG_WARN_COMMA = YES;
				CLANG_WARN_CONSTANT_CONVERSION = YES;
				CLANG_WARN_DEPRECATED_OBJC_IMPLEMENTATIONS = YES;
				CLANG_WARN_DIRECT_OBJC_ISA_USAGE = YES_ERROR;
				CLANG_WARN_DOCUMENTATION_COMMENTS = YES;
				CLANG_WARN_EMPTY_BODY = YES;
				CLANG_WARN_ENUM_CONVERSION = YES;
				CLANG_WARN_INFINITE_RECURSION = YES;
				CLANG_WARN_INT_CONVERSION = YES;
				CLANG_WARN_NON_LITERAL_NULL_CONVERSION = YES;
				CLANG_WARN_OBJC_IMPLICIT_RETAIN_SELF = YES;
				CLANG_WARN_OBJC_LITERAL_CONVERSION = YES;
				CLANG_WARN_OBJC_ROOT_CLASS = YES_ERROR;
				CLANG_WARN_QUOTED_INCLUDE_IN_FRAMEWORK_HEADER = YES;
				CLANG_WARN_RANGE_LOOP_ANALYSIS = YES;
				CLANG_WARN_STRICT_PROTOTYPES = YES;
				CLANG_WARN_SUSPICIOUS_MOVE = YES;
				CLANG_WARN_UNGUARDED_AVAILABILITY = YES_AGGRESSIVE;
				CLANG_WARN_UNREACHABLE_CODE = YES;
				CLANG_WARN__DUPLICATE_METHOD_MATCH = YES;
				COPY_PHASE_STRIP = NO;
				DEBUG_INFORMATION_FORMAT = dwarf;
				ENABLE_STRICT_OBJC_MSGSEND = YES;
				ENABLE_TESTABILITY = YES;
				GCC_C_LANGUAGE_STANDARD = gnu11;
				GCC_DYNAMIC_NO_PIC = NO;
				GCC_NO_COMMON_BLOCKS = YES;
				GCC_OPTIMIZATION_LEVEL = 0;
				GCC_PREPROCESSOR_DEFINITIONS = (
					"DEBUG=1",
					"$(inherited)",
				);
				GCC_WARN_64_TO_32_BIT_CONVERSION = YES;
				GCC_WARN_ABOUT_RETURN_TYPE = YES_ERROR;
				GCC_WARN_UNDECLARED_SELECTOR = YES;
				GCC_WARN_UNINITIALIZED_AUTOS = YES_AGGRESSIVE;
				GCC_WARN_UNUSED_FUNCTION = YES;
				GCC_WARN_UNUSED_VARIABLE = YES;
				IPHONEOS_DEPLOYMENT_TARGET = 15.4;
				MTL_ENABLE_DEBUG_INFO = INCLUDE_SOURCE;
				MTL_FAST_MATH = YES;
				ONLY_ACTIVE_ARCH = YES;
				SDKROOT = iphoneos;
				SWIFT_ACTIVE_COMPILATION_CONDITIONS = DEBUG;
				SWIFT_OPTIMIZATION_LEVEL = "-Onone";
			};
			name = Debug;
		};
		725C11E427FADA20009218A3 /* Release */ = {
			isa = XCBuildConfiguration;
			buildSettings = {
				ALWAYS_SEARCH_USER_PATHS = NO;
				CLANG_ANALYZER_NONNULL = YES;
				CLANG_ANALYZER_NUMBER_OBJECT_CONVERSION = YES_AGGRESSIVE;
				CLANG_CXX_LANGUAGE_STANDARD = "gnu++17";
				CLANG_ENABLE_MODULES = YES;
				CLANG_ENABLE_OBJC_ARC = YES;
				CLANG_ENABLE_OBJC_WEAK = YES;
				CLANG_WARN_BLOCK_CAPTURE_AUTORELEASING = YES;
				CLANG_WARN_BOOL_CONVERSION = YES;
				CLANG_WARN_COMMA = YES;
				CLANG_WARN_CONSTANT_CONVERSION = YES;
				CLANG_WARN_DEPRECATED_OBJC_IMPLEMENTATIONS = YES;
				CLANG_WARN_DIRECT_OBJC_ISA_USAGE = YES_ERROR;
				CLANG_WARN_DOCUMENTATION_COMMENTS = YES;
				CLANG_WARN_EMPTY_BODY = YES;
				CLANG_WARN_ENUM_CONVERSION = YES;
				CLANG_WARN_INFINITE_RECURSION = YES;
				CLANG_WARN_INT_CONVERSION = YES;
				CLANG_WARN_NON_LITERAL_NULL_CONVERSION = YES;
				CLANG_WARN_OBJC_IMPLICIT_RETAIN_SELF = YES;
				CLANG_WARN_OBJC_LITERAL_CONVERSION = YES;
				CLANG_WARN_OBJC_ROOT_CLASS = YES_ERROR;
				CLANG_WARN_QUOTED_INCLUDE_IN_FRAMEWORK_HEADER = YES;
				CLANG_WARN_RANGE_LOOP_ANALYSIS = YES;
				CLANG_WARN_STRICT_PROTOTYPES = YES;
				CLANG_WARN_SUSPICIOUS_MOVE = YES;
				CLANG_WARN_UNGUARDED_AVAILABILITY = YES_AGGRESSIVE;
				CLANG_WARN_UNREACHABLE_CODE = YES;
				CLANG_WARN__DUPLICATE_METHOD_MATCH = YES;
				COPY_PHASE_STRIP = NO;
				DEBUG_INFORMATION_FORMAT = "dwarf-with-dsym";
				ENABLE_NS_ASSERTIONS = NO;
				ENABLE_STRICT_OBJC_MSGSEND = YES;
				GCC_C_LANGUAGE_STANDARD = gnu11;
				GCC_NO_COMMON_BLOCKS = YES;
				GCC_WARN_64_TO_32_BIT_CONVERSION = YES;
				GCC_WARN_ABOUT_RETURN_TYPE = YES_ERROR;
				GCC_WARN_UNDECLARED_SELECTOR = YES;
				GCC_WARN_UNINITIALIZED_AUTOS = YES_AGGRESSIVE;
				GCC_WARN_UNUSED_FUNCTION = YES;
				GCC_WARN_UNUSED_VARIABLE = YES;
				IPHONEOS_DEPLOYMENT_TARGET = 15.4;
				MTL_ENABLE_DEBUG_INFO = NO;
				MTL_FAST_MATH = YES;
				SDKROOT = iphoneos;
				SWIFT_COMPILATION_MODE = wholemodule;
				SWIFT_OPTIMIZATION_LEVEL = "-O";
				VALIDATE_PRODUCT = YES;
			};
			name = Release;
		};
		725C11E627FADA20009218A3 /* Debug */ = {
			isa = XCBuildConfiguration;
			buildSettings = {
				ASSETCATALOG_COMPILER_APPICON_NAME = AppIcon;
				ASSETCATALOG_COMPILER_GLOBAL_ACCENT_COLOR_NAME = AccentColor;
				CODE_SIGN_STYLE = Automatic;
				CURRENT_PROJECT_VERSION = 1;
				GENERATE_INFOPLIST_FILE = YES;
				INFOPLIST_FILE = WGZ/Info.plist;
				INFOPLIST_KEY_UIApplicationSupportsIndirectInputEvents = YES;
				INFOPLIST_KEY_UILaunchStoryboardName = LaunchScreen;
				INFOPLIST_KEY_UIMainStoryboardFile = Main;
				INFOPLIST_KEY_UISupportedInterfaceOrientations_iPad = "UIInterfaceOrientationPortrait UIInterfaceOrientationPortraitUpsideDown UIInterfaceOrientationLandscapeLeft UIInterfaceOrientationLandscapeRight";
				INFOPLIST_KEY_UISupportedInterfaceOrientations_iPhone = "UIInterfaceOrientationPortrait UIInterfaceOrientationLandscapeLeft UIInterfaceOrientationLandscapeRight";
				LD_RUNPATH_SEARCH_PATHS = (
					"$(inherited)",
					"@executable_path/Frameworks",
				);
				MARKETING_VERSION = 1.0;
				PRODUCT_BUNDLE_IDENTIFIER = jamiedemooij.WGZ;
				PRODUCT_NAME = "$(TARGET_NAME)";
				SWIFT_EMIT_LOC_STRINGS = YES;
				SWIFT_VERSION = 5.0;
				TARGETED_DEVICE_FAMILY = "1,2";
			};
			name = Debug;
		};
		725C11E727FADA20009218A3 /* Release */ = {
			isa = XCBuildConfiguration;
			buildSettings = {
				ASSETCATALOG_COMPILER_APPICON_NAME = AppIcon;
				ASSETCATALOG_COMPILER_GLOBAL_ACCENT_COLOR_NAME = AccentColor;
				CODE_SIGN_STYLE = Automatic;
				CURRENT_PROJECT_VERSION = 1;
				GENERATE_INFOPLIST_FILE = YES;
				INFOPLIST_FILE = WGZ/Info.plist;
				INFOPLIST_KEY_UIApplicationSupportsIndirectInputEvents = YES;
				INFOPLIST_KEY_UILaunchStoryboardName = LaunchScreen;
				INFOPLIST_KEY_UIMainStoryboardFile = Main;
				INFOPLIST_KEY_UISupportedInterfaceOrientations_iPad = "UIInterfaceOrientationPortrait UIInterfaceOrientationPortraitUpsideDown UIInterfaceOrientationLandscapeLeft UIInterfaceOrientationLandscapeRight";
				INFOPLIST_KEY_UISupportedInterfaceOrientations_iPhone = "UIInterfaceOrientationPortrait UIInterfaceOrientationLandscapeLeft UIInterfaceOrientationLandscapeRight";
				LD_RUNPATH_SEARCH_PATHS = (
					"$(inherited)",
					"@executable_path/Frameworks",
				);
				MARKETING_VERSION = 1.0;
				PRODUCT_BUNDLE_IDENTIFIER = jamiedemooij.WGZ;
				PRODUCT_NAME = "$(TARGET_NAME)";
				SWIFT_EMIT_LOC_STRINGS = YES;
				SWIFT_VERSION = 5.0;
				TARGETED_DEVICE_FAMILY = "1,2";
			};
			name = Release;
		};
		725C11E927FADA20009218A3 /* Debug */ = {
			isa = XCBuildConfiguration;
			buildSettings = {
				ALWAYS_EMBED_SWIFT_STANDARD_LIBRARIES = YES;
				BUNDLE_LOADER = "$(TEST_HOST)";
				CODE_SIGN_STYLE = Automatic;
				CURRENT_PROJECT_VERSION = 1;
				GENERATE_INFOPLIST_FILE = YES;
				IPHONEOS_DEPLOYMENT_TARGET = 15.4;
				MARKETING_VERSION = 1.0;
				PRODUCT_BUNDLE_IDENTIFIER = jamiedemooij.WGZTests;
				PRODUCT_NAME = "$(TARGET_NAME)";
				SWIFT_EMIT_LOC_STRINGS = NO;
				SWIFT_VERSION = 5.0;
				TARGETED_DEVICE_FAMILY = "1,2";
				TEST_HOST = "$(BUILT_PRODUCTS_DIR)/WGZ.app/WGZ";
			};
			name = Debug;
		};
		725C11EA27FADA20009218A3 /* Release */ = {
			isa = XCBuildConfiguration;
			buildSettings = {
				ALWAYS_EMBED_SWIFT_STANDARD_LIBRARIES = YES;
				BUNDLE_LOADER = "$(TEST_HOST)";
				CODE_SIGN_STYLE = Automatic;
				CURRENT_PROJECT_VERSION = 1;
				GENERATE_INFOPLIST_FILE = YES;
				IPHONEOS_DEPLOYMENT_TARGET = 15.4;
				MARKETING_VERSION = 1.0;
				PRODUCT_BUNDLE_IDENTIFIER = jamiedemooij.WGZTests;
				PRODUCT_NAME = "$(TARGET_NAME)";
				SWIFT_EMIT_LOC_STRINGS = NO;
				SWIFT_VERSION = 5.0;
				TARGETED_DEVICE_FAMILY = "1,2";
				TEST_HOST = "$(BUILT_PRODUCTS_DIR)/WGZ.app/WGZ";
			};
			name = Release;
		};
		725C11EC27FADA20009218A3 /* Debug */ = {
			isa = XCBuildConfiguration;
			buildSettings = {
				ALWAYS_EMBED_SWIFT_STANDARD_LIBRARIES = YES;
				CODE_SIGN_STYLE = Automatic;
				CURRENT_PROJECT_VERSION = 1;
				GENERATE_INFOPLIST_FILE = YES;
				MARKETING_VERSION = 1.0;
				PRODUCT_BUNDLE_IDENTIFIER = jamiedemooij.WGZUITests;
				PRODUCT_NAME = "$(TARGET_NAME)";
				SWIFT_EMIT_LOC_STRINGS = NO;
				SWIFT_VERSION = 5.0;
				TARGETED_DEVICE_FAMILY = "1,2";
				TEST_TARGET_NAME = WGZ;
			};
			name = Debug;
		};
		725C11ED27FADA20009218A3 /* Release */ = {
			isa = XCBuildConfiguration;
			buildSettings = {
				ALWAYS_EMBED_SWIFT_STANDARD_LIBRARIES = YES;
				CODE_SIGN_STYLE = Automatic;
				CURRENT_PROJECT_VERSION = 1;
				GENERATE_INFOPLIST_FILE = YES;
				MARKETING_VERSION = 1.0;
				PRODUCT_BUNDLE_IDENTIFIER = jamiedemooij.WGZUITests;
				PRODUCT_NAME = "$(TARGET_NAME)";
				SWIFT_EMIT_LOC_STRINGS = NO;
				SWIFT_VERSION = 5.0;
				TARGETED_DEVICE_FAMILY = "1,2";
				TEST_TARGET_NAME = WGZ;
			};
			name = Release;
		};
/* End XCBuildConfiguration section */

/* Begin XCConfigurationList section */
		725C11B627FADA1E009218A3 /* Build configuration list for PBXProject "WGZ" */ = {
			isa = XCConfigurationList;
			buildConfigurations = (
				725C11E327FADA20009218A3 /* Debug */,
				725C11E427FADA20009218A3 /* Release */,
			);
			defaultConfigurationIsVisible = 0;
			defaultConfigurationName = Release;
		};
		725C11E527FADA20009218A3 /* Build configuration list for PBXNativeTarget "WGZ" */ = {
			isa = XCConfigurationList;
			buildConfigurations = (
				725C11E627FADA20009218A3 /* Debug */,
				725C11E727FADA20009218A3 /* Release */,
			);
			defaultConfigurationIsVisible = 0;
			defaultConfigurationName = Release;
		};
		725C11E827FADA20009218A3 /* Build configuration list for PBXNativeTarget "WGZTests" */ = {
			isa = XCConfigurationList;
			buildConfigurations = (
				725C11E927FADA20009218A3 /* Debug */,
				725C11EA27FADA20009218A3 /* Release */,
			);
			defaultConfigurationIsVisible = 0;
			defaultConfigurationName = Release;
		};
		725C11EB27FADA20009218A3 /* Build configuration list for PBXNativeTarget "WGZUITests" */ = {
			isa = XCConfigurationList;
			buildConfigurations = (
				725C11EC27FADA20009218A3 /* Debug */,
				725C11ED27FADA20009218A3 /* Release */,
			);
			defaultConfigurationIsVisible = 0;
			defaultConfigurationName = Release;
		};
/* End XCConfigurationList section */
	};
	rootObject = 725C11B327FADA1E009218A3 /* Project object */;
}
